
Microsoft Visual Studio Solution File, Format Version 12.00
# Visual Studio Version 16
VisualStudioVersion = 16.0.29326.143
MinimumVisualStudioVersion = 10.0.40219.1
Project("{9A19103F-16F7-4668-BE54-9A1E7A4F7556}") = "ChatServer", "ChatServer.csproj", "{75A5BA24-FD90-407B-8D47-F9CA1C0DA422}"
EndProject
Project("{FAE04EC0-301F-11D3-BF4B-00C04F79EFBC}") = "ChatClient", "..\ChatClient\ChatClient.csproj", "{709586D3-16F0-4083-8215-9B52FBD0CBAB}"
EndProject
Global
	GlobalSection(SolutionConfigurationPlatforms) = preSolution
		Debug|Any CPU = Debug|Any CPU
		Release|Any CPU = Release|Any CPU
	EndGlobalSection
	GlobalSection(ProjectConfigurationPlatforms) = postSolution
		{75A5BA24-FD90-407B-8D47-F9CA1C0DA422}.Debug|Any CPU.ActiveCfg = Debug|Any CPU
		{75A5BA24-FD90-407B-8D47-F9CA1C0DA422}.Debug|Any CPU.Build.0 = Debug|Any CPU
		{75A5BA24-FD90-407B-8D47-F9CA1C0DA422}.Release|Any CPU.ActiveCfg = Release|Any CPU
		{75A5BA24-FD90-407B-8D47-F9CA1C0DA422}.Release|Any CPU.Build.0 = Release|Any CPU
		{709586D3-16F0-4083-8215-9B52FBD0CBAB}.Debug|Any CPU.ActiveCfg = Debug|Any CPU
		{709586D3-16F0-4083-8215-9B52FBD0CBAB}.Debug|Any CPU.Build.0 = Debug|Any CPU
		{709586D3-16F0-4083-8215-9B52FBD0CBAB}.Release|Any CPU.ActiveCfg = Release|Any CPU
		{709586D3-16F0-4083-8215-9B52FBD0CBAB}.Release|Any CPU.Build.0 = Release|Any CPU
	EndGlobalSection
	GlobalSection(SolutionProperties) = preSolution
		HideSolutionNode = FALSE
	EndGlobalSection
	GlobalSection(ExtensibilityGlobals) = postSolution
		SolutionGuid = {3A863491-A9BE-4D2E-9F4B-8101A0D7C54D}
	EndGlobalSection
EndGlobal
